
Microsoft Visual Studio Solution File, Format Version 12.00
# Visual Studio Version 16
VisualStudioVersion = 16.0.31729.503
MinimumVisualStudioVersion = 10.0.40219.1
Project("{FAE04EC0-301F-11D3-BF4B-00C04F79EFBC}") = "CalculoIMC", "CalculoIMC\CalculoIMC.csproj", "{87E47F0A-29B6-4022-827E-F448F9C303D6}"
EndProject
Global
	GlobalSection(SolutionConfigurationPlatforms) = preSolution
		Debug|Any CPU = Debug|Any CPU
		Release|Any CPU = Release|Any CPU
	EndGlobalSection
	GlobalSection(ProjectConfigurationPlatforms) = postSolution
		{87E47F0A-29B6-4022-827E-F448F9C303D6}.Debug|Any CPU.ActiveCfg = Debug|Any CPU
		{87E47F0A-29B6-4022-827E-F448F9C303D6}.Debug|Any CPU.Build.0 = Debug|Any CPU
		{87E47F0A-29B6-4022-827E-F448F9C303D6}.Release|Any CPU.ActiveCfg = Release|Any CPU
		{87E47F0A-29B6-4022-827E-F448F9C303D6}.Release|Any CPU.Build.0 = Release|Any CPU
	EndGlobalSection
	GlobalSection(SolutionProperties) = preSolution
		HideSolutionNode = FALSE
	EndGlobalSection
	GlobalSection(ExtensibilityGlobals) = postSolution
		SolutionGuid = {7D832EBA-93C8-4C3D-BF81-8AC04C31D0F0}
	EndGlobalSection
EndGlobal
